{
  "name": "svelte-prism",
  "version": "1.0.0",
  "lockfileVersion": 2,
  "requires": true,
  "packages": {
    "": {
      "version": "1.0.0",
      "license": "ISC",
      "dependencies": {
        "@types/prismjs": "^1.16.1",
        "prism-svelte": "^0.4.0",
        "prismjs": "^1.17.1",
        "svelte": "^3.28.0",
        "typescript": "^4.0.3"
      }
    },
    "node_modules/@types/prismjs": {
      "version": "1.16.5",
      "resolved": "https://registry.npmjs.org/@types/prismjs/-/prismjs-1.16.5.tgz",
      "integrity": "sha512-nSU7U6FQDJJCraFNwaHmH5YDsd/VA9rTnJ7B7AGFdn+m+VSt3FjLWN7+AbqxZ67dbFazqtrDFUto3HK4ljrHIg=="
    },
    "node_modules/clipboard": {
      "version": "2.0.6",
      "resolved": "https://registry.npmjs.org/clipboard/-/clipboard-2.0.6.tgz",
      "integrity": "sha512-g5zbiixBRk/wyKakSwCKd7vQXDjFnAMGHoEyBogG/bw9kTD9GvdAvaoRR1ALcEzt3pVKxZR0pViekPMIS0QyGg==",
      "optional": true,
      "dependencies": {
        "good-listener": "^1.2.2",
        "select": "^1.1.2",
        "tiny-emitter": "^2.0.0"
      }
    },
    "node_modules/delegate": {
      "version": "3.2.0",
      "resolved": "https://registry.npmjs.org/delegate/-/delegate-3.2.0.tgz",
      "integrity": "sha512-IofjkYBZaZivn0V8nnsMJGBr4jVLxHDheKSW88PyxS5QC4Vo9ZbZVvhzlSxY87fVq3STR6r+4cGepyHkcWOQSw==",
      "optional": true
    },
    "node_modules/good-listener": {
      "version": "1.2.2",
      "resolved": "https://registry.npmjs.org/good-listener/-/good-listener-1.2.2.tgz",
      "integrity": "sha1-1TswzfkxPf+33JoNR3CWqm0UXFA=",
      "optional": true,
      "dependencies": {
        "delegate": "^3.1.2"
      }
    },
    "node_modules/prism-svelte": {
      "version": "0.4.0",
      "resolved": "https://registry.npmjs.org/prism-svelte/-/prism-svelte-0.4.0.tgz",
      "integrity": "sha512-m6XYfsm5WnABG9E0xlEiZn9W7X4PFFSWnk0ocRq3kjyPsUeTJ3KDz6GIfo+zNzJKuDASxK0Jxn7+TiR755tXtA=="
    },
    "node_modules/prismjs": {
      "version": "1.23.0",
      "resolved": "https://registry.npmjs.org/prismjs/-/prismjs-1.23.0.tgz",
      "integrity": "sha512-c29LVsqOaLbBHuIbsTxaKENh1N2EQBOHaWv7gkHN4dgRbxSREqDnDbtFJYdpPauS4YCplMSNCABQ6Eeor69bAA==",
      "optionalDependencies": {
        "clipboard": "^2.0.0"
      }
    },
    "node_modules/select": {
      "version": "1.1.2",
      "resolved": "https://registry.npmjs.org/select/-/select-1.1.2.tgz",
      "integrity": "sha1-DnNQrN7ICxEIUoeG7B1EGNEbOW0=",
      "optional": true
    },
    "node_modules/svelte": {
      "version": "3.38.2",
      "resolved": "https://registry.npmjs.org/svelte/-/svelte-3.38.2.tgz",
      "integrity": "sha512-q5Dq0/QHh4BLJyEVWGe7Cej5NWs040LWjMbicBGZ+3qpFWJ1YObRmUDZKbbovddLC9WW7THTj3kYbTOFmU9fbg==",
      "engines": {
        "node": ">= 8"
      }
    },
    "node_modules/tiny-emitter": {
      "version": "2.1.0",
      "resolved": "https://registry.npmjs.org/tiny-emitter/-/tiny-emitter-2.1.0.tgz",
      "integrity": "sha512-NB6Dk1A9xgQPMoGqC5CVXn123gWyte215ONT5Pp5a0yt4nlEoO1ZWeCwpncaekPHXO60i47ihFnZPiRPjRMq4Q==",
      "optional": true
    },
    "node_modules/typescript": {
      "version": "4.2.4",
      "resolved": "https://registry.npmjs.org/typescript/-/typescript-4.2.4.tgz",
      "integrity": "sha512-V+evlYHZnQkaz8TRBuxTA92yZBPotr5H+WhQ7bD3hZUndx5tGOa1fuCgeSjxAzM1RiN5IzvadIXTVefuuwZCRg==",
      "bin": {
        "tsc": "bin/tsc",
        "tsserver": "bin/tsserver"
      },
      "engines": {
        "node": ">=4.2.0"
      }
    }
  },
  "dependencies": {
    "@types/prismjs": {
      "version": "1.16.5",
      "resolved": "https://registry.npmjs.org/@types/prismjs/-/prismjs-1.16.5.tgz",
      "integrity": "sha512-nSU7U6FQDJJCraFNwaHmH5YDsd/VA9rTnJ7B7AGFdn+m+VSt3FjLWN7+AbqxZ67dbFazqtrDFUto3HK4ljrHIg=="
    },
    "clipboard": {
      "version": "2.0.6",
      "resolved": "https://registry.npmjs.org/clipboard/-/clipboard-2.0.6.tgz",
      "integrity": "sha512-g5zbiixBRk/wyKakSwCKd7vQXDjFnAMGHoEyBogG/bw9kTD9GvdAvaoRR1ALcEzt3pVKxZR0pViekPMIS0QyGg==",
      "optional": true,
      "requires": {
        "good-listener": "^1.2.2",
        "select": "^1.1.2",
        "tiny-emitter": "^2.0.0"
      }
    },
    "delegate": {
      "version": "3.2.0",
      "resolved": "https://registry.npmjs.org/delegate/-/delegate-3.2.0.tgz",
      "integrity": "sha512-IofjkYBZaZivn0V8nnsMJGBr4jVLxHDheKSW88PyxS5QC4Vo9ZbZVvhzlSxY87fVq3STR6r+4cGepyHkcWOQSw==",
      "optional": true
    },
    "good-listener": {
      "version": "1.2.2",
      "resolved": "https://registry.npmjs.org/good-listener/-/good-listener-1.2.2.tgz",
      "integrity": "sha1-1TswzfkxPf+33JoNR3CWqm0UXFA=",
      "optional": true,
      "requires": {
        "delegate": "^3.1.2"
      }
    },
    "prism-svelte": {
      "version": "0.4.0",
      "resolved": "https://registry.npmjs.org/prism-svelte/-/prism-svelte-0.4.0.tgz",
      "integrity": "sha512-m6XYfsm5WnABG9E0xlEiZn9W7X4PFFSWnk0ocRq3kjyPsUeTJ3KDz6GIfo+zNzJKuDASxK0Jxn7+TiR755tXtA=="
    },
    "prismjs": {
      "version": "1.23.0",
      "resolved": "https://registry.npmjs.org/prismjs/-/prismjs-1.23.0.tgz",
      "integrity": "sha512-c29LVsqOaLbBHuIbsTxaKENh1N2EQBOHaWv7gkHN4dgRbxSREqDnDbtFJYdpPauS4YCplMSNCABQ6Eeor69bAA==",
      "requires": {
        "clipboard": "^2.0.0"
      }
    },
    "select": {
      "version": "1.1.2",
      "resolved": "https://registry.npmjs.org/select/-/select-1.1.2.tgz",
      "integrity": "sha1-DnNQrN7ICxEIUoeG7B1EGNEbOW0=",
      "optional": true
    },
    "svelte": {
      "version": "3.38.2",
      "resolved": "https://registry.npmjs.org/svelte/-/svelte-3.38.2.tgz",
      "integrity": "sha512-q5Dq0/QHh4BLJyEVWGe7Cej5NWs040LWjMbicBGZ+3qpFWJ1YObRmUDZKbbovddLC9WW7THTj3kYbTOFmU9fbg=="
    },
    "tiny-emitter": {
      "version": "2.1.0",
      "resolved": "https://registry.npmjs.org/tiny-emitter/-/tiny-emitter-2.1.0.tgz",
      "integrity": "sha512-NB6Dk1A9xgQPMoGqC5CVXn123gWyte215ONT5Pp5a0yt4nlEoO1ZWeCwpncaekPHXO60i47ihFnZPiRPjRMq4Q==",
      "optional": true
    },
    "typescript": {
      "version": "4.2.4",
      "resolved": "https://registry.npmjs.org/typescript/-/typescript-4.2.4.tgz",
      "integrity": "sha512-V+evlYHZnQkaz8TRBuxTA92yZBPotr5H+WhQ7bD3hZUndx5tGOa1fuCgeSjxAzM1RiN5IzvadIXTVefuuwZCRg=="
    }
  }
}
